
Microsoft Visual Studio Solution File, Format Version 12.00
# Visual Studio Version 16
VisualStudioVersion = 16.0.29001.49
MinimumVisualStudioVersion = 10.0.40219.1
Project("{9A19103F-16F7-4668-BE54-9A1E7A4F7556}") = "TaskRunner", "TaskRunner\TaskRunner.csproj", "{1F67DD4C-D4D2-4410-BA23-886DB67A69D2}"
EndProject
Project("{2150E333-8FDC-42A3-9474-1A3956D46DE8}") = "Core", "Core", "{27E985E5-71C1-4ED8-A535-56B612D241B1}"
EndProject
Project("{2150E333-8FDC-42A3-9474-1A3956D46DE8}") = "Tests", "Tests", "{51E7833F-A5D2-420E-AE09-EC82C6A8FB0B}"
EndProject
Project("{9A19103F-16F7-4668-BE54-9A1E7A4F7556}") = "TaskRunner.Tests", "TaskRunner.Tests\TaskRunner.Tests.csproj", "{075F454A-BBF3-4CCA-83BE-EAD7C6D4A8D4}"
EndProject
Project("{9A19103F-16F7-4668-BE54-9A1E7A4F7556}") = "TaskRunner.Steps", "TaskRunner.Steps\TaskRunner.Steps.csproj", "{E7E2E6A0-3CF9-47BB-B31E-CCF2C2344B9D}"
EndProject
Project("{FAE04EC0-301F-11D3-BF4B-00C04F79EFBC}") = "TaskRunner.Shared", "TaskRunner.Shared\TaskRunner.Shared.csproj", "{7FA38EAC-701C-43F6-A2F1-BFDCE73B55A9}"
EndProject
Project("{9A19103F-16F7-4668-BE54-9A1E7A4F7556}") = "TaskRunner.Validators", "TaskRunner.Validators\TaskRunner.Validators.csproj", "{4272EE00-EA3A-4360-947E-3A9FEAB373FE}"
EndProject
Project("{9A19103F-16F7-4668-BE54-9A1E7A4F7556}") = "TaskRunner.Providers", "TaskRunner.Providers\TaskRunner.Providers.csproj", "{419D769D-A170-465D-81B4-4E1BED92C60A}"
EndProject
Project("{9A19103F-16F7-4668-BE54-9A1E7A4F7556}") = "TaskRunner.App", "TaskRunner.App\TaskRunner.App.csproj", "{DEA757E5-F1BB-49B5-826A-E507BC5A66C1}"
EndProject
Global
	GlobalSection(SolutionConfigurationPlatforms) = preSolution
		Debug|Any CPU = Debug|Any CPU
		Release|Any CPU = Release|Any CPU
	EndGlobalSection
	GlobalSection(ProjectConfigurationPlatforms) = postSolution
		{1F67DD4C-D4D2-4410-BA23-886DB67A69D2}.Debug|Any CPU.ActiveCfg = Debug|Any CPU
		{1F67DD4C-D4D2-4410-BA23-886DB67A69D2}.Debug|Any CPU.Build.0 = Debug|Any CPU
		{1F67DD4C-D4D2-4410-BA23-886DB67A69D2}.Release|Any CPU.ActiveCfg = Release|Any CPU
		{1F67DD4C-D4D2-4410-BA23-886DB67A69D2}.Release|Any CPU.Build.0 = Release|Any CPU
		{075F454A-BBF3-4CCA-83BE-EAD7C6D4A8D4}.Debug|Any CPU.ActiveCfg = Debug|Any CPU
		{075F454A-BBF3-4CCA-83BE-EAD7C6D4A8D4}.Debug|Any CPU.Build.0 = Debug|Any CPU
		{075F454A-BBF3-4CCA-83BE-EAD7C6D4A8D4}.Release|Any CPU.ActiveCfg = Release|Any CPU
		{075F454A-BBF3-4CCA-83BE-EAD7C6D4A8D4}.Release|Any CPU.Build.0 = Release|Any CPU
		{E7E2E6A0-3CF9-47BB-B31E-CCF2C2344B9D}.Debug|Any CPU.ActiveCfg = Debug|Any CPU
		{E7E2E6A0-3CF9-47BB-B31E-CCF2C2344B9D}.Debug|Any CPU.Build.0 = Debug|Any CPU
		{E7E2E6A0-3CF9-47BB-B31E-CCF2C2344B9D}.Release|Any CPU.ActiveCfg = Release|Any CPU
		{E7E2E6A0-3CF9-47BB-B31E-CCF2C2344B9D}.Release|Any CPU.Build.0 = Release|Any CPU
		{7FA38EAC-701C-43F6-A2F1-BFDCE73B55A9}.Debug|Any CPU.ActiveCfg = Debug|Any CPU
		{7FA38EAC-701C-43F6-A2F1-BFDCE73B55A9}.Debug|Any CPU.Build.0 = Debug|Any CPU
		{7FA38EAC-701C-43F6-A2F1-BFDCE73B55A9}.Release|Any CPU.ActiveCfg = Release|Any CPU
		{7FA38EAC-701C-43F6-A2F1-BFDCE73B55A9}.Release|Any CPU.Build.0 = Release|Any CPU
		{4272EE00-EA3A-4360-947E-3A9FEAB373FE}.Debug|Any CPU.ActiveCfg = Debug|Any CPU
		{4272EE00-EA3A-4360-947E-3A9FEAB373FE}.Debug|Any CPU.Build.0 = Debug|Any CPU
		{4272EE00-EA3A-4360-947E-3A9FEAB373FE}.Release|Any CPU.ActiveCfg = Release|Any CPU
		{4272EE00-EA3A-4360-947E-3A9FEAB373FE}.Release|Any CPU.Build.0 = Release|Any CPU
		{419D769D-A170-465D-81B4-4E1BED92C60A}.Debug|Any CPU.ActiveCfg = Debug|Any CPU
		{419D769D-A170-465D-81B4-4E1BED92C60A}.Debug|Any CPU.Build.0 = Debug|Any CPU
		{419D769D-A170-465D-81B4-4E1BED92C60A}.Release|Any CPU.ActiveCfg = Release|Any CPU
		{419D769D-A170-465D-81B4-4E1BED92C60A}.Release|Any CPU.Build.0 = Release|Any CPU
		{DEA757E5-F1BB-49B5-826A-E507BC5A66C1}.Debug|Any CPU.ActiveCfg = Debug|Any CPU
		{DEA757E5-F1BB-49B5-826A-E507BC5A66C1}.Debug|Any CPU.Build.0 = Debug|Any CPU
		{DEA757E5-F1BB-49B5-826A-E507BC5A66C1}.Release|Any CPU.ActiveCfg = Release|Any CPU
		{DEA757E5-F1BB-49B5-826A-E507BC5A66C1}.Release|Any CPU.Build.0 = Release|Any CPU
	EndGlobalSection
	GlobalSection(SolutionProperties) = preSolution
		HideSolutionNode = FALSE
	EndGlobalSection
	GlobalSection(NestedProjects) = preSolution
		{075F454A-BBF3-4CCA-83BE-EAD7C6D4A8D4} = {51E7833F-A5D2-420E-AE09-EC82C6A8FB0B}
		{E7E2E6A0-3CF9-47BB-B31E-CCF2C2344B9D} = {27E985E5-71C1-4ED8-A535-56B612D241B1}
		{7FA38EAC-701C-43F6-A2F1-BFDCE73B55A9} = {27E985E5-71C1-4ED8-A535-56B612D241B1}
		{4272EE00-EA3A-4360-947E-3A9FEAB373FE} = {27E985E5-71C1-4ED8-A535-56B612D241B1}
		{419D769D-A170-465D-81B4-4E1BED92C60A} = {27E985E5-71C1-4ED8-A535-56B612D241B1}
		{DEA757E5-F1BB-49B5-826A-E507BC5A66C1} = {27E985E5-71C1-4ED8-A535-56B612D241B1}
	EndGlobalSection
	GlobalSection(ExtensibilityGlobals) = postSolution
		SolutionGuid = {38D67513-8652-4F73-8082-8AC80B1F4479}
	EndGlobalSection
EndGlobal
